
Microsoft Visual Studio Solution File, Format Version 12.00
# Visual Studio 14
VisualStudioVersion = 14.0.25420.1
MinimumVisualStudioVersion = 10.0.40219.1
Project("{FAE04EC0-301F-11D3-BF4B-00C04F79EFBC}") = "Azure_demo_App", "Azure_demo_App\Azure_demo_App.csproj", "{CAFFCAF8-A238-41A3-83C0-D2F42F46B353}"
EndProject
Global
	GlobalSection(SolutionConfigurationPlatforms) = preSolution
		Debug|Any CPU = Debug|Any CPU
		Release|Any CPU = Release|Any CPU
	EndGlobalSection
	GlobalSection(ProjectConfigurationPlatforms) = postSolution
		{CAFFCAF8-A238-41A3-83C0-D2F42F46B353}.Debug|Any CPU.ActiveCfg = Debug|Any CPU
		{CAFFCAF8-A238-41A3-83C0-D2F42F46B353}.Debug|Any CPU.Build.0 = Debug|Any CPU
		{CAFFCAF8-A238-41A3-83C0-D2F42F46B353}.Release|Any CPU.ActiveCfg = Release|Any CPU
		{CAFFCAF8-A238-41A3-83C0-D2F42F46B353}.Release|Any CPU.Build.0 = Release|Any CPU
	EndGlobalSection
	GlobalSection(SolutionProperties) = preSolution
		HideSolutionNode = FALSE
	EndGlobalSection
EndGlobal
